{
  "name": "view-counter-example",
  "version": "1.0.0",
  "lockfileVersion": 1,
  "requires": true,
  "dependencies": {
    "mock-xmlhttprequest": {
      "version": "4.4.0",
      "resolved": "https://registry.npmjs.org/mock-xmlhttprequest/-/mock-xmlhttprequest-4.4.0.tgz",
      "integrity": "sha512-tSkTtPVj+c3o8bcOw9IyTGCoiOVQl9J0Fpy3ievM5CQkfDLOB/TBapJlrSvugo4e9ECOP3zzq0AF/yhQ/suS2A=="
    }
  }
}
